
Microsoft Visual Studio Solution File, Format Version 12.00
# Visual Studio Version 17
VisualStudioVersion = 17.2.32630.192
MinimumVisualStudioVersion = 10.0.40219.1
Project("{FAE04EC0-301F-11D3-BF4B-00C04F79EFBC}") = "OrgOffering", "OrgOffering\OrgOffering.csproj", "{9952C2E0-002B-43BF-B12F-35F763C7FCA6}"
EndProject
Global
	GlobalSection(SolutionConfigurationPlatforms) = preSolution
		Debug|Any CPU = Debug|Any CPU
		Release|Any CPU = Release|Any CPU
	EndGlobalSection
	GlobalSection(ProjectConfigurationPlatforms) = postSolution
		{9952C2E0-002B-43BF-B12F-35F763C7FCA6}.Debug|Any CPU.ActiveCfg = Debug|Any CPU
		{9952C2E0-002B-43BF-B12F-35F763C7FCA6}.Debug|Any CPU.Build.0 = Debug|Any CPU
		{9952C2E0-002B-43BF-B12F-35F763C7FCA6}.Release|Any CPU.ActiveCfg = Release|Any CPU
		{9952C2E0-002B-43BF-B12F-35F763C7FCA6}.Release|Any CPU.Build.0 = Release|Any CPU
	EndGlobalSection
	GlobalSection(SolutionProperties) = preSolution
		HideSolutionNode = FALSE
	EndGlobalSection
	GlobalSection(ExtensibilityGlobals) = postSolution
		SolutionGuid = {3A603026-1469-4985-985C-D7663B28DE29}
	EndGlobalSection
EndGlobal
